
Microsoft Visual Studio Solution File, Format Version 12.00
# Visual Studio Version 16
VisualStudioVersion = 16.0.30503.244
MinimumVisualStudioVersion = 10.0.40219.1
Project("{FAE04EC0-301F-11D3-BF4B-00C04F79EFBC}") = "TCGaming.NET", "TCGaming.NET.csproj", "{A658B04E-8D74-4A27-98B4-443DCBF348E7}"
EndProject
Project("{FAE04EC0-301F-11D3-BF4B-00C04F79EFBC}") = "TCGaming.NET.Tests", "..\TCGaming.NET.Tests\TCGaming.NET.Tests.csproj", "{8874C42F-5662-4B84-A8A1-42D8CA164636}"
EndProject
Global
	GlobalSection(SolutionConfigurationPlatforms) = preSolution
		Debug|Any CPU = Debug|Any CPU
		Release|Any CPU = Release|Any CPU
	EndGlobalSection
	GlobalSection(ProjectConfigurationPlatforms) = postSolution
		{A658B04E-8D74-4A27-98B4-443DCBF348E7}.Debug|Any CPU.ActiveCfg = Debug|Any CPU
		{A658B04E-8D74-4A27-98B4-443DCBF348E7}.Debug|Any CPU.Build.0 = Debug|Any CPU
		{A658B04E-8D74-4A27-98B4-443DCBF348E7}.Release|Any CPU.ActiveCfg = Release|Any CPU
		{A658B04E-8D74-4A27-98B4-443DCBF348E7}.Release|Any CPU.Build.0 = Release|Any CPU
		{8874C42F-5662-4B84-A8A1-42D8CA164636}.Debug|Any CPU.ActiveCfg = Debug|Any CPU
		{8874C42F-5662-4B84-A8A1-42D8CA164636}.Debug|Any CPU.Build.0 = Debug|Any CPU
		{8874C42F-5662-4B84-A8A1-42D8CA164636}.Release|Any CPU.ActiveCfg = Release|Any CPU
		{8874C42F-5662-4B84-A8A1-42D8CA164636}.Release|Any CPU.Build.0 = Release|Any CPU
	EndGlobalSection
	GlobalSection(SolutionProperties) = preSolution
		HideSolutionNode = FALSE
	EndGlobalSection
	GlobalSection(ExtensibilityGlobals) = postSolution
		SolutionGuid = {95C5FC2D-00B9-419E-8459-1E5948C8C850}
	EndGlobalSection
EndGlobal
